<?xml version="1.0" encoding="utf-8"?>
<Project ToolsVersion="4.0" xmlns="http://schemas.microsoft.com/developer/msbuild/2003">
  <ItemGroup>
    <ClInclude Include="AlbusEngine12.h" />
    <ClInclude Include="framework.h" />
    <ClInclude Include="Resource.h" />
    <ClInclude Include="targetver.h" />
  </ItemGroup>
  <ItemGroup>
    <Image Include="AlbusEngine12.ico" />
    <Image Include="small.ico" />
  </ItemGroup>
  <ItemGroup>
    <ClCompile Include="AlbusEngine12.cpp" />
  </ItemGroup>
  <ItemGroup>
    <ResourceCompile Include="AlbusEngine12.rc" />
  </ItemGroup>
  <ItemGroup>
    <Filter Include="src">
      <UniqueIdentifier>{631c4506-3384-41e1-a517-3d4dd30d274d}</UniqueIdentifier>
    </Filter>
  </ItemGroup>
</Project>