
Microsoft Visual Studio Solution File, Format Version 12.00
# Visual Studio Version 16
VisualStudioVersion = 16.0.28729.10
MinimumVisualStudioVersion = 10.0.40219.1
Project("{8BC9CEB8-8B4A-11D0-8D11-00A0C91BC942}") = "AlbusEngine", "AlbusEngine\AlbusEngine.vcxproj", "{407B4ECB-D397-4691-B5F0-4C706F0FF628}"
EndProject
Project("{8BC9CEB8-8B4A-11D0-8D11-00A0C91BC942}") = "AlbusEngineDX12", "AlbusEngineDX12\AlbusEngineDX12.vcxproj", "{B3170502-6BA8-434E-9F52-42B3BA5918A6}"
EndProject
Global
	GlobalSection(SolutionConfigurationPlatforms) = preSolution
		Debug|x64 = Debug|x64
		Debug|x86 = Debug|x86
		Release|x64 = Release|x64
		Release|x86 = Release|x86
	EndGlobalSection
	GlobalSection(ProjectConfigurationPlatforms) = postSolution
		{407B4ECB-D397-4691-B5F0-4C706F0FF628}.Debug|x64.ActiveCfg = Debug|x64
		{407B4ECB-D397-4691-B5F0-4C706F0FF628}.Debug|x64.Build.0 = Debug|x64
		{407B4ECB-D397-4691-B5F0-4C706F0FF628}.Debug|x86.ActiveCfg = Debug|Win32
		{407B4ECB-D397-4691-B5F0-4C706F0FF628}.Debug|x86.Build.0 = Debug|Win32
		{407B4ECB-D397-4691-B5F0-4C706F0FF628}.Release|x64.ActiveCfg = Release|x64
		{407B4ECB-D397-4691-B5F0-4C706F0FF628}.Release|x64.Build.0 = Release|x64
		{407B4ECB-D397-4691-B5F0-4C706F0FF628}.Release|x86.ActiveCfg = Release|Win32
		{407B4ECB-D397-4691-B5F0-4C706F0FF628}.Release|x86.Build.0 = Release|Win32
		{B3170502-6BA8-434E-9F52-42B3BA5918A6}.Debug|x64.ActiveCfg = Debug|x64
		{B3170502-6BA8-434E-9F52-42B3BA5918A6}.Debug|x64.Build.0 = Debug|x64
		{B3170502-6BA8-434E-9F52-42B3BA5918A6}.Debug|x86.ActiveCfg = Debug|Win32
		{B3170502-6BA8-434E-9F52-42B3BA5918A6}.Debug|x86.Build.0 = Debug|Win32
		{B3170502-6BA8-434E-9F52-42B3BA5918A6}.Release|x64.ActiveCfg = Release|x64
		{B3170502-6BA8-434E-9F52-42B3BA5918A6}.Release|x64.Build.0 = Release|x64
		{B3170502-6BA8-434E-9F52-42B3BA5918A6}.Release|x86.ActiveCfg = Release|Win32
		{B3170502-6BA8-434E-9F52-42B3BA5918A6}.Release|x86.Build.0 = Release|Win32
	EndGlobalSection
	GlobalSection(SolutionProperties) = preSolution
		HideSolutionNode = FALSE
	EndGlobalSection
	GlobalSection(ExtensibilityGlobals) = postSolution
		SolutionGuid = {F91E0364-E37E-44BC-98ED-DE14714CD82D}
	EndGlobalSection
EndGlobal
